// !$*UTF8*$!
{
	archiveVersion = 1;
	classes = {
	};
	objectVersion = 48;
	objects = {

/* Begin PBXBuildFile section */
		35B3ECD61FD3A40900AE2970 /* AppDelegate.swift in Sources */ = {isa = PBXBuildFile; fileRef = 35B3ECD51FD3A40900AE2970 /* AppDelegate.swift */; };
		35B3ECD81FD3A40900AE2970 /* art.scnassets in Resources */ = {isa = PBXBuildFile; fileRef = 35B3ECD71FD3A40900AE2970 /* art.scnassets */; };
		35B3ECDA1FD3A40900AE2970 /* ViewController.swift in Sources */ = {isa = PBXBuildFile; fileRef = 35B3ECD91FD3A40900AE2970 /* ViewController.swift */; };
		35B3ECDD1FD3A40900AE2970 /* Main.storyboard in Resources */ = {isa = PBXBuildFile; fileRef = 35B3ECDB1FD3A40900AE2970 /* Main.storyboard */; };
		35B3ECDF1FD3A40900AE2970 /* Assets.xcassets in Resources */ = {isa = PBXBuildFile; fileRef = 35B3ECDE1FD3A40900AE2970 /* Assets.xcassets */; };
		35B3ECE21FD3A40900AE2970 /* LaunchScreen.storyboard in Resources */ = {isa = PBXBuildFile; fileRef = 35B3ECE01FD3A40900AE2970 /* LaunchScreen.storyboard */; };
/* End PBXBuildFile section */

/* Begin PBXFileReference section */
		35B3ECD21FD3A40900AE2970 /* ARDicee.app */ = {isa = PBXFileReference; explicitFileType = wrapper.application; includeInIndex = 0; path = ARDicee.app; sourceTree = BUILT_PRODUCTS_DIR; };
		35B3ECD51FD3A40900AE2970 /* AppDelegate.swift */ = {isa = PBXFileReference; lastKnownFileType = sourcecode.swift; path = AppDelegate.swift; sourceTree = "<group>"; };
		35B3ECD71FD3A40900AE2970 /* art.scnassets */ = {isa = PBXFileReference; lastKnownFileType = wrapper.scnassets; path = art.scnassets; sourceTree = "<group>"; };
		35B3ECD91FD3A40900AE2970 /* ViewController.swift */ = {isa = PBXFileReference; lastKnownFileType = sourcecode.swift; path = ViewController.swift; sourceTree = "<group>"; };
		35B3ECDC1FD3A40900AE2970 /* Base */ = {isa = PBXFileReference; lastKnownFileType = file.storyboard; name = Base; path = Base.lproj/Main.storyboard; sourceTree = "<group>"; };
		35B3ECDE1FD3A40900AE2970 /* Assets.xcassets */ = {isa = PBXFileReference; lastKnownFileType = folder.assetcatalog; path = Assets.xcassets; sourceTree = "<group>"; };
		35B3ECE11FD3A40900AE2970 /* Base */ = {isa = PBXFileReference; lastKnownFileType = file.storyboard; name = Base; path = Base.lproj/LaunchScreen.storyboard; sourceTree = "<group>"; };
		35B3ECE31FD3A40900AE2970 /* Info.plist */ = {isa = PBXFileReference; lastKnownFileType = text.plist.xml; path = Info.plist; sourceTree = "<group>"; };
/* End PBXFileReference section */

/* Begin PBXFrameworksBuildPhase section */
		35B3ECCF1FD3A40900AE2970 /* Frameworks */ = {
			isa = PBXFrameworksBuildPhase;
			buildActionMask = 2147483647;
			files = (
			);
			runOnlyForDeploymentPostprocessing = 0;
		};
/* End PBXFrameworksBuildPhase section */

/* Begin PBXGroup section */
		35B3ECC91FD3A40900AE2970 = {
			isa = PBXGroup;
			children = (
				35B3ECD41FD3A40900AE2970 /* ARDicee */,
				35B3ECD31FD3A40900AE2970 /* Products */,
			);
			sourceTree = "<group>";
		};
		35B3ECD31FD3A40900AE2970 /* Products */ = {
			isa = PBXGroup;
			children = (
				35B3ECD21FD3A40900AE2970 /* ARDicee.app */,
			);
			name = Products;
			sourceTree = "<group>";
		};
		35B3ECD41FD3A40900AE2970 /* ARDicee */ = {
			isa = PBXGroup;
			children = (
				35B3ECD51FD3A40900AE2970 /* AppDelegate.swift */,
				35B3ECD91FD3A40900AE2970 /* ViewController.swift */,
				35B3ECDB1FD3A40900AE2970 /* Main.storyboard */,
				35B3ECD71FD3A40900AE2970 /* art.scnassets */,
				35B3ECDE1FD3A40900AE2970 /* Assets.xcassets */,
				35B3ECE01FD3A40900AE2970 /* LaunchScreen.storyboard */,
				35B3ECE31FD3A40900AE2970 /* Info.plist */,
			);
			path = ARDicee;
			sourceTree = "<group>";
		};
/* End PBXGroup section */

/* Begin PBXNativeTarget section */
		35B3ECD11FD3A40900AE2970 /* ARDicee */ = {
			isa = PBXNativeTarget;
			buildConfigurationList = 35B3ECE61FD3A40900AE2970 /* Build configuration list for PBXNativeTarget "ARDicee" */;
			buildPhases = (
				35B3ECCE1FD3A40900AE2970 /* Sources */,
				35B3ECCF1FD3A40900AE2970 /* Frameworks */,
				35B3ECD01FD3A40900AE2970 /* Resources */,
			);
			buildRules = (
			);
			dependencies = (
			);
			name = ARDicee;
			productName = ARDicee;
			productReference = 35B3ECD21FD3A40900AE2970 /* ARDicee.app */;
			productType = "com.apple.product-type.application";
		};
/* End PBXNativeTarget section */

/* Begin PBXProject section */
		35B3ECCA1FD3A40900AE2970 /* Project object */ = {
			isa = PBXProject;
			attributes = {
				LastSwiftUpdateCheck = 0910;
				LastUpgradeCheck = 0910;
				ORGANIZATIONNAME = "Siddharth Kulkarni";
				TargetAttributes = {
					35B3ECD11FD3A40900AE2970 = {
						CreatedOnToolsVersion = 9.1;
						ProvisioningStyle = Automatic;
					};
				};
			};
			buildConfigurationList = 35B3ECCD1FD3A40900AE2970 /* Build configuration list for PBXProject "ARDicee" */;
			compatibilityVersion = "Xcode 8.0";
			developmentRegion = en;
			hasScannedForEncodings = 0;
			knownRegions = (
				en,
				Base,
			);
			mainGroup = 35B3ECC91FD3A40900AE2970;
			productRefGroup = 35B3ECD31FD3A40900AE2970 /* Products */;
			projectDirPath = "";
			projectRoot = "";
			targets = (
				35B3ECD11FD3A40900AE2970 /* ARDicee */,
			);
		};
/* End PBXProject section */

/* Begin PBXResourcesBuildPhase section */
		35B3ECD01FD3A40900AE2970 /* Resources */ = {
			isa = PBXResourcesBuildPhase;
			buildActionMask = 2147483647;
			files = (
				35B3ECD81FD3A40900AE2970 /* art.scnassets in Resources */,
				35B3ECE21FD3A40900AE2970 /* LaunchScreen.storyboard in Resources */,
				35B3ECDF1FD3A40900AE2970 /* Assets.xcassets in Resources */,
				35B3ECDD1FD3A40900AE2970 /* Main.storyboard in Resources */,
			);
			runOnlyForDeploymentPostprocessing = 0;
		};
/* End PBXResourcesBuildPhase section */

/* Begin PBXSourcesBuildPhase section */
		35B3ECCE1FD3A40900AE2970 /* Sources */ = {
			isa = PBXSourcesBuildPhase;
			buildActionMask = 2147483647;
			files = (
				35B3ECDA1FD3A40900AE2970 /* ViewController.swift in Sources */,
				35B3ECD61FD3A40900AE2970 /* AppDelegate.swift in Sources */,
			);
			runOnlyForDeploymentPostprocessing = 0;
		};
/* End PBXSourcesBuildPhase section */

/* Begin PBXVariantGroup section */
		35B3ECDB1FD3A40900AE2970 /* Main.storyboard */ = {
			isa = PBXVariantGroup;
			children = (
				35B3ECDC1FD3A40900AE2970 /* Base */,
			);
			name = Main.storyboard;
			sourceTree = "<group>";
		};
		35B3ECE01FD3A40900AE2970 /* LaunchScreen.storyboard */ = {
			isa = PBXVariantGroup;
			children = (
				35B3ECE11FD3A40900AE2970 /* Base */,
			);
			name = LaunchScreen.storyboard;
			sourceTree = "<group>";
		};
/* End PBXVariantGroup section */

/* Begin XCBuildConfiguration section */
		35B3ECE41FD3A40900AE2970 /* Debug */ = {
			isa = XCBuildConfiguration;
			buildSettings = {
				ALWAYS_SEARCH_USER_PATHS = NO;
				CLANG_ANALYZER_NONNULL = YES;
				CLANG_ANALYZER_NUMBER_OBJECT_CONVERSION = YES_AGGRESSIVE;
				CLANG_CXX_LANGUAGE_STANDARD = "gnu++14";
				CLANG_CXX_LIBRARY = "libc++";
				CLANG_ENABLE_MODULES = YES;
				CLANG_ENABLE_OBJC_ARC = YES;
				CLANG_WARN_BLOCK_CAPTURE_AUTORELEASING = YES;
				CLANG_WARN_BOOL_CONVERSION = YES;
				CLANG_WARN_COMMA = YES;
				CLANG_WARN_CONSTANT_CONVERSION = YES;
				CLANG_WARN_DIRECT_OBJC_ISA_USAGE = YES_ERROR;
				CLANG_WARN_DOCUMENTATION_COMMENTS = YES;
				CLANG_WARN_EMPTY_BODY = YES;
				CLANG_WARN_ENUM_CONVERSION = YES;
				CLANG_WARN_INFINITE_RECURSION = YES;
				CLANG_WARN_INT_CONVERSION = YES;
				CLANG_WARN_NON_LITERAL_NULL_CONVERSION = YES;
				CLANG_WARN_OBJC_LITERAL_CONVERSION = YES;
				CLANG_WARN_OBJC_ROOT_CLASS = YES_ERROR;
				CLANG_WARN_RANGE_LOOP_ANALYSIS = YES;
				CLANG_WARN_STRICT_PROTOTYPES = YES;
				CLANG_WARN_SUSPICIOUS_MOVE = YES;
				CLANG_WARN_UNGUARDED_AVAILABILITY = YES_AGGRESSIVE;
				CLANG_WARN_UNREACHABLE_CODE = YES;
				CLANG_WARN__DUPLICATE_METHOD_MATCH = YES;
				CODE_SIGN_IDENTITY = "iPhone Developer";
				COPY_PHASE_STRIP = NO;
				DEBUG_INFORMATION_FORMAT = dwarf;
				ENABLE_STRICT_OBJC_MSGSEND = YES;
				ENABLE_TESTABILITY = YES;
				GCC_C_LANGUAGE_STANDARD = gnu11;
				GCC_DYNAMIC_NO_PIC = NO;
				GCC_NO_COMMON_BLOCKS = YES;
				GCC_OPTIMIZATION_LEVEL = 0;
				GCC_PREPROCESSOR_DEFINITIONS = (
					"DEBUG=1",
					"$(inherited)",
				);
				GCC_WARN_64_TO_32_BIT_CONVERSION = YES;
				GCC_WARN_ABOUT_RETURN_TYPE = YES_ERROR;
				GCC_WARN_UNDECLARED_SELECTOR = YES;
				GCC_WARN_UNINITIALIZED_AUTOS = YES_AGGRESSIVE;
				GCC_WARN_UNUSED_FUNCTION = YES;
				GCC_WARN_UNUSED_VARIABLE = YES;
				IPHONEOS_DEPLOYMENT_TARGET = 11.1;
				MTL_ENABLE_DEBUG_INFO = YES;
				ONLY_ACTIVE_ARCH = YES;
				SDKROOT = iphoneos;
				SWIFT_ACTIVE_COMPILATION_CONDITIONS = DEBUG;
				SWIFT_OPTIMIZATION_LEVEL = "-Onone";
			};
			name = Debug;
		};
		35B3ECE51FD3A40900AE2970 /* Release */ = {
			isa = XCBuildConfiguration;
			buildSettings = {
				ALWAYS_SEARCH_USER_PATHS = NO;
				CLANG_ANALYZER_NONNULL = YES;
				CLANG_ANALYZER_NUMBER_OBJECT_CONVERSION = YES_AGGRESSIVE;
				CLANG_CXX_LANGUAGE_STANDARD = "gnu++14";
				CLANG_CXX_LIBRARY = "libc++";
				CLANG_ENABLE_MODULES = YES;
				CLANG_ENABLE_OBJC_ARC = YES;
				CLANG_WARN_BLOCK_CAPTURE_AUTORELEASING = YES;
				CLANG_WARN_BOOL_CONVERSION = YES;
				CLANG_WARN_COMMA = YES;
				CLANG_WARN_CONSTANT_CONVERSION = YES;
				CLANG_WARN_DIRECT_OBJC_ISA_USAGE = YES_ERROR;
				CLANG_WARN_DOCUMENTATION_COMMENTS = YES;
				CLANG_WARN_EMPTY_BODY = YES;
				CLANG_WARN_ENUM_CONVERSION = YES;
				CLANG_WARN_INFINITE_RECURSION = YES;
				CLANG_WARN_INT_CONVERSION = YES;
				CLANG_WARN_NON_LITERAL_NULL_CONVERSION = YES;
				CLANG_WARN_OBJC_LITERAL_CONVERSION = YES;
				CLANG_WARN_OBJC_ROOT_CLASS = YES_ERROR;
				CLANG_WARN_RANGE_LOOP_ANALYSIS = YES;
				CLANG_WARN_STRICT_PROTOTYPES = YES;
				CLANG_WARN_SUSPICIOUS_MOVE = YES;
				CLANG_WARN_UNGUARDED_AVAILABILITY = YES_AGGRESSIVE;
				CLANG_WARN_UNREACHABLE_CODE = YES;
				CLANG_WARN__DUPLICATE_METHOD_MATCH = YES;
				CODE_SIGN_IDENTITY = "iPhone Developer";
				COPY_PHASE_STRIP = NO;
				DEBUG_INFORMATION_FORMAT = "dwarf-with-dsym";
				ENABLE_NS_ASSERTIONS = NO;
				ENABLE_STRICT_OBJC_MSGSEND = YES;
				GCC_C_LANGUAGE_STANDARD = gnu11;
				GCC_NO_COMMON_BLOCKS = YES;
				GCC_WARN_64_TO_32_BIT_CONVERSION = YES;
				GCC_WARN_ABOUT_RETURN_TYPE = YES_ERROR;
				GCC_WARN_UNDECLARED_SELECTOR = YES;
				GCC_WARN_UNINITIALIZED_AUTOS = YES_AGGRESSIVE;
				GCC_WARN_UNUSED_FUNCTION = YES;
				GCC_WARN_UNUSED_VARIABLE = YES;
				IPHONEOS_DEPLOYMENT_TARGET = 11.1;
				MTL_ENABLE_DEBUG_INFO = NO;
				SDKROOT = iphoneos;
				SWIFT_OPTIMIZATION_LEVEL = "-Owholemodule";
				VALIDATE_PRODUCT = YES;
			};
			name = Release;
		};
		35B3ECE71FD3A40900AE2970 /* Debug */ = {
			isa = XCBuildConfiguration;
			buildSettings = {
				ASSETCATALOG_COMPILER_APPICON_NAME = AppIcon;
				CODE_SIGN_STYLE = Automatic;
				DEVELOPMENT_TEAM = 558Q9JZKFW;
				INFOPLIST_FILE = ARDicee/Info.plist;
				LD_RUNPATH_SEARCH_PATHS = "$(inherited) @executable_path/Frameworks";
				PRODUCT_BUNDLE_IDENTIFIER = com.siddharthkulkarni.ARDicee;
				PRODUCT_NAME = "$(TARGET_NAME)";
				SWIFT_VERSION = 4.0;
				TARGETED_DEVICE_FAMILY = "1,2";
			};
			name = Debug;
		};
		35B3ECE81FD3A40900AE2970 /* Release */ = {
			isa = XCBuildConfiguration;
			buildSettings = {
				ASSETCATALOG_COMPILER_APPICON_NAME = AppIcon;
				CODE_SIGN_STYLE = Automatic;
				DEVELOPMENT_TEAM = 558Q9JZKFW;
				INFOPLIST_FILE = ARDicee/Info.plist;
				LD_RUNPATH_SEARCH_PATHS = "$(inherited) @executable_path/Frameworks";
				PRODUCT_BUNDLE_IDENTIFIER = com.siddharthkulkarni.ARDicee;
				PRODUCT_NAME = "$(TARGET_NAME)";
				SWIFT_VERSION = 4.0;
				TARGETED_DEVICE_FAMILY = "1,2";
			};
			name = Release;
		};
/* End XCBuildConfiguration section */

/* Begin XCConfigurationList section */
		35B3ECCD1FD3A40900AE2970 /* Build configuration list for PBXProject "ARDicee" */ = {
			isa = XCConfigurationList;
			buildConfigurations = (
				35B3ECE41FD3A40900AE2970 /* Debug */,
				35B3ECE51FD3A40900AE2970 /* Release */,
			);
			defaultConfigurationIsVisible = 0;
			defaultConfigurationName = Release;
		};
		35B3ECE61FD3A40900AE2970 /* Build configuration list for PBXNativeTarget "ARDicee" */ = {
			isa = XCConfigurationList;
			buildConfigurations = (
				35B3ECE71FD3A40900AE2970 /* Debug */,
				35B3ECE81FD3A40900AE2970 /* Release */,
			);
			defaultConfigurationIsVisible = 0;
			defaultConfigurationName = Release;
		};
/* End XCConfigurationList section */
	};
	rootObject = 35B3ECCA1FD3A40900AE2970 /* Project object */;
}
